// !$*UTF8*$!
{
	archiveVersion = 1;
	classes = {
	};
	objectVersion = 77;
	objects = {

/* Begin PBXBuildFile section */
		57EBB2D02E3A9BF40032F4E1 /* Auth in Frameworks */ = {isa = PBXBuildFile; productRef = 57EBB2CF2E3A9BF40032F4E1 /* Auth */; };
		57EBB2D22E3A9BF40032F4E1 /* Functions in Frameworks */ = {isa = PBXBuildFile; productRef = 57EBB2D12E3A9BF40032F4E1 /* Functions */; };
		57EBB2D42E3A9BF40032F4E1 /* PostgREST in Frameworks */ = {isa = PBXBuildFile; productRef = 57EBB2D32E3A9BF40032F4E1 /* PostgREST */; };
		57EBB2D62E3A9BF40032F4E1 /* Realtime in Frameworks */ = {isa = PBXBuildFile; productRef = 57EBB2D52E3A9BF40032F4E1 /* Realtime */; };
		57EBB2D82E3A9BF40032F4E1 /* Storage in Frameworks */ = {isa = PBXBuildFile; productRef = 57EBB2D72E3A9BF40032F4E1 /* Storage */; };
		57EBB2DD2E3A9CC20032F4E1 /* Supabase in Frameworks */ = {isa = PBXBuildFile; productRef = 57EBB2DC2E3A9CC20032F4E1 /* Supabase */; };
/* End PBXBuildFile section */

/* Begin PBXContainerItemProxy section */
		57BB40DE2E3A771D00EAE238 /* PBXContainerItemProxy */ = {
			isa = PBXContainerItemProxy;
			containerPortal = 57BB40C82E3A771B00EAE238 /* Project object */;
			proxyType = 1;
			remoteGlobalIDString = 57BB40CF2E3A771B00EAE238;
			remoteInfo = Spending;
		};
		57BB40E82E3A771D00EAE238 /* PBXContainerItemProxy */ = {
			isa = PBXContainerItemProxy;
			containerPortal = 57BB40C82E3A771B00EAE238 /* Project object */;
			proxyType = 1;
			remoteGlobalIDString = 57BB40CF2E3A771B00EAE238;
			remoteInfo = Spending;
		};
/* End PBXContainerItemProxy section */

/* Begin PBXFileReference section */
		57BB40D02E3A771B00EAE238 /* Spending.app */ = {isa = PBXFileReference; explicitFileType = wrapper.application; includeInIndex = 0; path = Spending.app; sourceTree = BUILT_PRODUCTS_DIR; };
		57BB40DD2E3A771D00EAE238 /* SpendingTests.xctest */ = {isa = PBXFileReference; explicitFileType = wrapper.cfbundle; includeInIndex = 0; path = SpendingTests.xctest; sourceTree = BUILT_PRODUCTS_DIR; };
		57BB40E72E3A771D00EAE238 /* SpendingUITests.xctest */ = {isa = PBXFileReference; explicitFileType = wrapper.cfbundle; includeInIndex = 0; path = SpendingUITests.xctest; sourceTree = BUILT_PRODUCTS_DIR; };
/* End PBXFileReference section */

/* Begin PBXFileSystemSynchronizedRootGroup section */
		57BB40D22E3A771B00EAE238 /* Spending */ = {
			isa = PBXFileSystemSynchronizedRootGroup;
			path = Spending;
			sourceTree = "<group>";
		};
		57BB40E02E3A771D00EAE238 /* SpendingTests */ = {
			isa = PBXFileSystemSynchronizedRootGroup;
			path = SpendingTests;
			sourceTree = "<group>";
		};
		57BB40EA2E3A771D00EAE238 /* SpendingUITests */ = {
			isa = PBXFileSystemSynchronizedRootGroup;
			path = SpendingUITests;
			sourceTree = "<group>";
		};
/* End PBXFileSystemSynchronizedRootGroup section */

/* Begin PBXFrameworksBuildPhase section */
		57BB40CD2E3A771B00EAE238 /* Frameworks */ = {
			isa = PBXFrameworksBuildPhase;
			buildActionMask = 2147483647;
			files = (
				57EBB2D42E3A9BF40032F4E1 /* PostgREST in Frameworks */,
				57EBB2D22E3A9BF40032F4E1 /* Functions in Frameworks */,
				57EBB2DD2E3A9CC20032F4E1 /* Supabase in Frameworks */,
				57EBB2D02E3A9BF40032F4E1 /* Auth in Frameworks */,
				57EBB2D82E3A9BF40032F4E1 /* Storage in Frameworks */,
				57EBB2D62E3A9BF40032F4E1 /* Realtime in Frameworks */,
			);
			runOnlyForDeploymentPostprocessing = 0;
		};
		57BB40DA2E3A771D00EAE238 /* Frameworks */ = {
			isa = PBXFrameworksBuildPhase;
			buildActionMask = 2147483647;
			files = (
			);
			runOnlyForDeploymentPostprocessing = 0;
		};
		57BB40E42E3A771D00EAE238 /* Frameworks */ = {
			isa = PBXFrameworksBuildPhase;
			buildActionMask = 2147483647;
			files = (
			);
			runOnlyForDeploymentPostprocessing = 0;
		};
/* End PBXFrameworksBuildPhase section */

/* Begin PBXGroup section */
		57BB40C72E3A771B00EAE238 = {
			isa = PBXGroup;
			children = (
				57BB40D22E3A771B00EAE238 /* Spending */,
				57BB40E02E3A771D00EAE238 /* SpendingTests */,
				57BB40EA2E3A771D00EAE238 /* SpendingUITests */,
				57EBB2DB2E3A9CC20032F4E1 /* Frameworks */,
				57BB40D12E3A771B00EAE238 /* Products */,
			);
			sourceTree = "<group>";
		};
		57BB40D12E3A771B00EAE238 /* Products */ = {
			isa = PBXGroup;
			children = (
				57BB40D02E3A771B00EAE238 /* Spending.app */,
				57BB40DD2E3A771D00EAE238 /* SpendingTests.xctest */,
				57BB40E72E3A771D00EAE238 /* SpendingUITests.xctest */,
			);
			name = Products;
			sourceTree = "<group>";
		};
		57EBB2DB2E3A9CC20032F4E1 /* Frameworks */ = {
			isa = PBXGroup;
			children = (
			);
			name = Frameworks;
			sourceTree = "<group>";
		};
/* End PBXGroup section */

/* Begin PBXNativeTarget section */
		57BB40CF2E3A771B00EAE238 /* Spending */ = {
			isa = PBXNativeTarget;
			buildConfigurationList = 57BB40F12E3A771D00EAE238 /* Build configuration list for PBXNativeTarget "Spending" */;
			buildPhases = (
				57BB40CC2E3A771B00EAE238 /* Sources */,
				57BB40CD2E3A771B00EAE238 /* Frameworks */,
				57BB40CE2E3A771B00EAE238 /* Resources */,
			);
			buildRules = (
			);
			dependencies = (
			);
			fileSystemSynchronizedGroups = (
				57BB40D22E3A771B00EAE238 /* Spending */,
			);
			name = Spending;
			packageProductDependencies = (
				57EBB2CF2E3A9BF40032F4E1 /* Auth */,
				57EBB2D12E3A9BF40032F4E1 /* Functions */,
				57EBB2D32E3A9BF40032F4E1 /* PostgREST */,
				57EBB2D52E3A9BF40032F4E1 /* Realtime */,
				57EBB2D72E3A9BF40032F4E1 /* Storage */,
				57EBB2DC2E3A9CC20032F4E1 /* Supabase */,
			);
			productName = Spending;
			productReference = 57BB40D02E3A771B00EAE238 /* Spending.app */;
			productType = "com.apple.product-type.application";
		};
		57BB40DC2E3A771D00EAE238 /* SpendingTests */ = {
			isa = PBXNativeTarget;
			buildConfigurationList = 57BB40F42E3A771D00EAE238 /* Build configuration list for PBXNativeTarget "SpendingTests" */;
			buildPhases = (
				57BB40D92E3A771D00EAE238 /* Sources */,
				57BB40DA2E3A771D00EAE238 /* Frameworks */,
				57BB40DB2E3A771D00EAE238 /* Resources */,
			);
			buildRules = (
			);
			dependencies = (
				57BB40DF2E3A771D00EAE238 /* PBXTargetDependency */,
			);
			fileSystemSynchronizedGroups = (
				57BB40E02E3A771D00EAE238 /* SpendingTests */,
			);
			name = SpendingTests;
			packageProductDependencies = (
			);
			productName = SpendingTests;
			productReference = 57BB40DD2E3A771D00EAE238 /* SpendingTests.xctest */;
			productType = "com.apple.product-type.bundle.unit-test";
		};
		57BB40E62E3A771D00EAE238 /* SpendingUITests */ = {
			isa = PBXNativeTarget;
			buildConfigurationList = 57BB40F72E3A771D00EAE238 /* Build configuration list for PBXNativeTarget "SpendingUITests" */;
			buildPhases = (
				57BB40E32E3A771D00EAE238 /* Sources */,
				57BB40E42E3A771D00EAE238 /* Frameworks */,
				57BB40E52E3A771D00EAE238 /* Resources */,
			);
			buildRules = (
			);
			dependencies = (
				57BB40E92E3A771D00EAE238 /* PBXTargetDependency */,
			);
			fileSystemSynchronizedGroups = (
				57BB40EA2E3A771D00EAE238 /* SpendingUITests */,
			);
			name = SpendingUITests;
			packageProductDependencies = (
			);
			productName = SpendingUITests;
			productReference = 57BB40E72E3A771D00EAE238 /* SpendingUITests.xctest */;
			productType = "com.apple.product-type.bundle.ui-testing";
		};
/* End PBXNativeTarget section */

/* Begin PBXProject section */
		57BB40C82E3A771B00EAE238 /* Project object */ = {
			isa = PBXProject;
			attributes = {
				BuildIndependentTargetsInParallel = 1;
				LastSwiftUpdateCheck = 1640;
				LastUpgradeCheck = 1640;
				TargetAttributes = {
					57BB40CF2E3A771B00EAE238 = {
						CreatedOnToolsVersion = 16.4;
					};
					57BB40DC2E3A771D00EAE238 = {
						CreatedOnToolsVersion = 16.4;
						TestTargetID = 57BB40CF2E3A771B00EAE238;
					};
					57BB40E62E3A771D00EAE238 = {
						CreatedOnToolsVersion = 16.4;
						TestTargetID = 57BB40CF2E3A771B00EAE238;
					};
				};
			};
			buildConfigurationList = 57BB40CB2E3A771B00EAE238 /* Build configuration list for PBXProject "Spending" */;
			developmentRegion = en;
			hasScannedForEncodings = 0;
			knownRegions = (
				en,
				Base,
			);
			mainGroup = 57BB40C72E3A771B00EAE238;
			minimizedProjectReferenceProxies = 1;
			packageReferences = (
				57EBB2CE2E3A9BF40032F4E1 /* XCRemoteSwiftPackageReference "supabase-swift" */,
			);
			preferredProjectObjectVersion = 77;
			productRefGroup = 57BB40D12E3A771B00EAE238 /* Products */;
			projectDirPath = "";
			projectRoot = "";
			targets = (
				57BB40CF2E3A771B00EAE238 /* Spending */,
				57BB40DC2E3A771D00EAE238 /* SpendingTests */,
				57BB40E62E3A771D00EAE238 /* SpendingUITests */,
			);
		};
/* End PBXProject section */

/* Begin PBXResourcesBuildPhase section */
		57BB40CE2E3A771B00EAE238 /* Resources */ = {
			isa = PBXResourcesBuildPhase;
			buildActionMask = 2147483647;
			files = (
			);
			runOnlyForDeploymentPostprocessing = 0;
		};
		57BB40DB2E3A771D00EAE238 /* Resources */ = {
			isa = PBXResourcesBuildPhase;
			buildActionMask = 2147483647;
			files = (
			);
			runOnlyForDeploymentPostprocessing = 0;
		};
		57BB40E52E3A771D00EAE238 /* Resources */ = {
			isa = PBXResourcesBuildPhase;
			buildActionMask = 2147483647;
			files = (
			);
			runOnlyForDeploymentPostprocessing = 0;
		};
/* End PBXResourcesBuildPhase section */

/* Begin PBXSourcesBuildPhase section */
		57BB40CC2E3A771B00EAE238 /* Sources */ = {
			isa = PBXSourcesBuildPhase;
			buildActionMask = 2147483647;
			files = (
			);
			runOnlyForDeploymentPostprocessing = 0;
		};
		57BB40D92E3A771D00EAE238 /* Sources */ = {
			isa = PBXSourcesBuildPhase;
			buildActionMask = 2147483647;
			files = (
			);
			runOnlyForDeploymentPostprocessing = 0;
		};
		57BB40E32E3A771D00EAE238 /* Sources */ = {
			isa = PBXSourcesBuildPhase;
			buildActionMask = 2147483647;
			files = (
			);
			runOnlyForDeploymentPostprocessing = 0;
		};
/* End PBXSourcesBuildPhase section */

/* Begin PBXTargetDependency section */
		57BB40DF2E3A771D00EAE238 /* PBXTargetDependency */ = {
			isa = PBXTargetDependency;
			target = 57BB40CF2E3A771B00EAE238 /* Spending */;
			targetProxy = 57BB40DE2E3A771D00EAE238 /* PBXContainerItemProxy */;
		};
		57BB40E92E3A771D00EAE238 /* PBXTargetDependency */ = {
			isa = PBXTargetDependency;
			target = 57BB40CF2E3A771B00EAE238 /* Spending */;
			targetProxy = 57BB40E82E3A771D00EAE238 /* PBXContainerItemProxy */;
		};
/* End PBXTargetDependency section */

/* Begin XCBuildConfiguration section */
		57BB40EF2E3A771D00EAE238 /* Debug */ = {
			isa = XCBuildConfiguration;
			buildSettings = {
				ALWAYS_SEARCH_USER_PATHS = NO;
				ASSETCATALOG_COMPILER_GENERATE_SWIFT_ASSET_SYMBOL_EXTENSIONS = YES;
				CLANG_ANALYZER_NONNULL = YES;
				CLANG_ANALYZER_NUMBER_OBJECT_CONVERSION = YES_AGGRESSIVE;
				CLANG_CXX_LANGUAGE_STANDARD = "gnu++20";
				CLANG_ENABLE_MODULES = YES;
				CLANG_ENABLE_OBJC_ARC = YES;
				CLANG_ENABLE_OBJC_WEAK = YES;
				CLANG_WARN_BLOCK_CAPTURE_AUTORELEASING = YES;
				CLANG_WARN_BOOL_CONVERSION = YES;
				CLANG_WARN_COMMA = YES;
				CLANG_WARN_CONSTANT_CONVERSION = YES;
				CLANG_WARN_DEPRECATED_OBJC_IMPLEMENTATIONS = YES;
				CLANG_WARN_DIRECT_OBJC_ISA_USAGE = YES_ERROR;
				CLANG_WARN_DOCUMENTATION_COMMENTS = YES;
				CLANG_WARN_EMPTY_BODY = YES;
				CLANG_WARN_ENUM_CONVERSION = YES;
				CLANG_WARN_INFINITE_RECURSION = YES;
				CLANG_WARN_INT_CONVERSION = YES;
				CLANG_WARN_NON_LITERAL_NULL_CONVERSION = YES;
				CLANG_WARN_OBJC_IMPLICIT_RETAIN_SELF = YES;
				CLANG_WARN_OBJC_LITERAL_CONVERSION = YES;
				CLANG_WARN_OBJC_ROOT_CLASS = YES_ERROR;
				CLANG_WARN_QUOTED_INCLUDE_IN_FRAMEWORK_HEADER = YES;
				CLANG_WARN_RANGE_LOOP_ANALYSIS = YES;
				CLANG_WARN_STRICT_PROTOTYPES = YES;
				CLANG_WARN_SUSPICIOUS_MOVE = YES;
				CLANG_WARN_UNGUARDED_AVAILABILITY = YES_AGGRESSIVE;
				CLANG_WARN_UNREACHABLE_CODE = YES;
				CLANG_WARN__DUPLICATE_METHOD_MATCH = YES;
				COPY_PHASE_STRIP = NO;
				DEBUG_INFORMATION_FORMAT = dwarf;
				ENABLE_STRICT_OBJC_MSGSEND = YES;
				ENABLE_TESTABILITY = YES;
				ENABLE_USER_SCRIPT_SANDBOXING = YES;
				GCC_C_LANGUAGE_STANDARD = gnu17;
				GCC_DYNAMIC_NO_PIC = NO;
				GCC_NO_COMMON_BLOCKS = YES;
				GCC_OPTIMIZATION_LEVEL = 0;
				GCC_PREPROCESSOR_DEFINITIONS = (
					"DEBUG=1",
					"$(inherited)",
				);
				GCC_WARN_64_TO_32_BIT_CONVERSION = YES;
				GCC_WARN_ABOUT_RETURN_TYPE = YES_ERROR;
				GCC_WARN_UNDECLARED_SELECTOR = YES;
				GCC_WARN_UNINITIALIZED_AUTOS = YES_AGGRESSIVE;
				GCC_WARN_UNUSED_FUNCTION = YES;
				GCC_WARN_UNUSED_VARIABLE = YES;
				IPHONEOS_DEPLOYMENT_TARGET = 18.5;
				LOCALIZATION_PREFERS_STRING_CATALOGS = YES;
				MTL_ENABLE_DEBUG_INFO = INCLUDE_SOURCE;
				MTL_FAST_MATH = YES;
				ONLY_ACTIVE_ARCH = YES;
				SDKROOT = iphoneos;
				SWIFT_ACTIVE_COMPILATION_CONDITIONS = "DEBUG $(inherited)";
				SWIFT_OPTIMIZATION_LEVEL = "-Onone";
			};
			name = Debug;
		};
		57BB40F02E3A771D00EAE238 /* Release */ = {
			isa = XCBuildConfiguration;
			buildSettings = {
				ALWAYS_SEARCH_USER_PATHS = NO;
				ASSETCATALOG_COMPILER_GENERATE_SWIFT_ASSET_SYMBOL_EXTENSIONS = YES;
				CLANG_ANALYZER_NONNULL = YES;
				CLANG_ANALYZER_NUMBER_OBJECT_CONVERSION = YES_AGGRESSIVE;
				CLANG_CXX_LANGUAGE_STANDARD = "gnu++20";
				CLANG_ENABLE_MODULES = YES;
				CLANG_ENABLE_OBJC_ARC = YES;
				CLANG_ENABLE_OBJC_WEAK = YES;
				CLANG_WARN_BLOCK_CAPTURE_AUTORELEASING = YES;
				CLANG_WARN_BOOL_CONVERSION = YES;
				CLANG_WARN_COMMA = YES;
				CLANG_WARN_CONSTANT_CONVERSION = YES;
				CLANG_WARN_DEPRECATED_OBJC_IMPLEMENTATIONS = YES;
				CLANG_WARN_DIRECT_OBJC_ISA_USAGE = YES_ERROR;
				CLANG_WARN_DOCUMENTATION_COMMENTS = YES;
				CLANG_WARN_EMPTY_BODY = YES;
				CLANG_WARN_ENUM_CONVERSION = YES;
				CLANG_WARN_INFINITE_RECURSION = YES;
				CLANG_WARN_INT_CONVERSION = YES;
				CLANG_WARN_NON_LITERAL_NULL_CONVERSION = YES;
				CLANG_WARN_OBJC_IMPLICIT_RETAIN_SELF = YES;
				CLANG_WARN_OBJC_LITERAL_CONVERSION = YES;
				CLANG_WARN_OBJC_ROOT_CLASS = YES_ERROR;
				CLANG_WARN_QUOTED_INCLUDE_IN_FRAMEWORK_HEADER = YES;
				CLANG_WARN_RANGE_LOOP_ANALYSIS = YES;
				CLANG_WARN_STRICT_PROTOTYPES = YES;
				CLANG_WARN_SUSPICIOUS_MOVE = YES;
				CLANG_WARN_UNGUARDED_AVAILABILITY = YES_AGGRESSIVE;
				CLANG_WARN_UNREACHABLE_CODE = YES;
				CLANG_WARN__DUPLICATE_METHOD_MATCH = YES;
				COPY_PHASE_STRIP = NO;
				DEBUG_INFORMATION_FORMAT = "dwarf-with-dsym";
				ENABLE_NS_ASSERTIONS = NO;
				ENABLE_STRICT_OBJC_MSGSEND = YES;
				ENABLE_USER_SCRIPT_SANDBOXING = YES;
				GCC_C_LANGUAGE_STANDARD = gnu17;
				GCC_NO_COMMON_BLOCKS = YES;
				GCC_WARN_64_TO_32_BIT_CONVERSION = YES;
				GCC_WARN_ABOUT_RETURN_TYPE = YES_ERROR;
				GCC_WARN_UNDECLARED_SELECTOR = YES;
				GCC_WARN_UNINITIALIZED_AUTOS = YES_AGGRESSIVE;
				GCC_WARN_UNUSED_FUNCTION = YES;
				GCC_WARN_UNUSED_VARIABLE = YES;
				IPHONEOS_DEPLOYMENT_TARGET = 18.5;
				LOCALIZATION_PREFERS_STRING_CATALOGS = YES;
				MTL_ENABLE_DEBUG_INFO = NO;
				MTL_FAST_MATH = YES;
				SDKROOT = iphoneos;
				SWIFT_COMPILATION_MODE = wholemodule;
				VALIDATE_PRODUCT = YES;
			};
			name = Release;
		};
		57BB40F22E3A771D00EAE238 /* Debug */ = {
			isa = XCBuildConfiguration;
			buildSettings = {
				ASSETCATALOG_COMPILER_APPICON_NAME = AppIcon;
				ASSETCATALOG_COMPILER_GLOBAL_ACCENT_COLOR_NAME = AccentColor;
				CODE_SIGN_STYLE = Automatic;
				CURRENT_PROJECT_VERSION = 1;
				DEVELOPMENT_TEAM = BL96X5ULLC;
				ENABLE_PREVIEWS = YES;
				GENERATE_INFOPLIST_FILE = YES;
				INFOPLIST_KEY_UIApplicationSceneManifest_Generation = YES;
				INFOPLIST_KEY_UIApplicationSupportsIndirectInputEvents = YES;
				INFOPLIST_KEY_UILaunchScreen_Generation = YES;
				INFOPLIST_KEY_UISupportedInterfaceOrientations_iPad = "UIInterfaceOrientationPortrait UIInterfaceOrientationPortraitUpsideDown UIInterfaceOrientationLandscapeLeft UIInterfaceOrientationLandscapeRight";
				INFOPLIST_KEY_UISupportedInterfaceOrientations_iPhone = "UIInterfaceOrientationPortrait UIInterfaceOrientationLandscapeLeft UIInterfaceOrientationLandscapeRight";
				LD_RUNPATH_SEARCH_PATHS = (
					"$(inherited)",
					"@executable_path/Frameworks",
				);
				MARKETING_VERSION = 1.0;
				PRODUCT_BUNDLE_IDENTIFIER = ggeorge.Spending;
				PRODUCT_NAME = "$(TARGET_NAME)";
				SWIFT_EMIT_LOC_STRINGS = YES;
				SWIFT_VERSION = 5.0;
				TARGETED_DEVICE_FAMILY = "1,2";
			};
			name = Debug;
		};
		57BB40F32E3A771D00EAE238 /* Release */ = {
			isa = XCBuildConfiguration;
			buildSettings = {
				ASSETCATALOG_COMPILER_APPICON_NAME = AppIcon;
				ASSETCATALOG_COMPILER_GLOBAL_ACCENT_COLOR_NAME = AccentColor;
				CODE_SIGN_STYLE = Automatic;
				CURRENT_PROJECT_VERSION = 1;
				DEVELOPMENT_TEAM = BL96X5ULLC;
				ENABLE_PREVIEWS = YES;
				GENERATE_INFOPLIST_FILE = YES;
				INFOPLIST_KEY_UIApplicationSceneManifest_Generation = YES;
				INFOPLIST_KEY_UIApplicationSupportsIndirectInputEvents = YES;
				INFOPLIST_KEY_UILaunchScreen_Generation = YES;
				INFOPLIST_KEY_UISupportedInterfaceOrientations_iPad = "UIInterfaceOrientationPortrait UIInterfaceOrientationPortraitUpsideDown UIInterfaceOrientationLandscapeLeft UIInterfaceOrientationLandscapeRight";
				INFOPLIST_KEY_UISupportedInterfaceOrientations_iPhone = "UIInterfaceOrientationPortrait UIInterfaceOrientationLandscapeLeft UIInterfaceOrientationLandscapeRight";
				LD_RUNPATH_SEARCH_PATHS = (
					"$(inherited)",
					"@executable_path/Frameworks",
				);
				MARKETING_VERSION = 1.0;
				PRODUCT_BUNDLE_IDENTIFIER = ggeorge.Spending;
				PRODUCT_NAME = "$(TARGET_NAME)";
				SWIFT_EMIT_LOC_STRINGS = YES;
				SWIFT_VERSION = 5.0;
				TARGETED_DEVICE_FAMILY = "1,2";
			};
			name = Release;
		};
		57BB40F52E3A771D00EAE238 /* Debug */ = {
			isa = XCBuildConfiguration;
			buildSettings = {
				BUNDLE_LOADER = "$(TEST_HOST)";
				CODE_SIGN_STYLE = Automatic;
				CURRENT_PROJECT_VERSION = 1;
				DEVELOPMENT_TEAM = BL96X5ULLC;
				GENERATE_INFOPLIST_FILE = YES;
				IPHONEOS_DEPLOYMENT_TARGET = 18.5;
				MARKETING_VERSION = 1.0;
				PRODUCT_BUNDLE_IDENTIFIER = ggeorge.SpendingTests;
				PRODUCT_NAME = "$(TARGET_NAME)";
				SWIFT_EMIT_LOC_STRINGS = NO;
				SWIFT_VERSION = 5.0;
				TARGETED_DEVICE_FAMILY = "1,2";
				TEST_HOST = "$(BUILT_PRODUCTS_DIR)/Spending.app/$(BUNDLE_EXECUTABLE_FOLDER_PATH)/Spending";
			};
			name = Debug;
		};
		57BB40F62E3A771D00EAE238 /* Release */ = {
			isa = XCBuildConfiguration;
			buildSettings = {
				BUNDLE_LOADER = "$(TEST_HOST)";
				CODE_SIGN_STYLE = Automatic;
				CURRENT_PROJECT_VERSION = 1;
				DEVELOPMENT_TEAM = BL96X5ULLC;
				GENERATE_INFOPLIST_FILE = YES;
				IPHONEOS_DEPLOYMENT_TARGET = 18.5;
				MARKETING_VERSION = 1.0;
				PRODUCT_BUNDLE_IDENTIFIER = ggeorge.SpendingTests;
				PRODUCT_NAME = "$(TARGET_NAME)";
				SWIFT_EMIT_LOC_STRINGS = NO;
				SWIFT_VERSION = 5.0;
				TARGETED_DEVICE_FAMILY = "1,2";
				TEST_HOST = "$(BUILT_PRODUCTS_DIR)/Spending.app/$(BUNDLE_EXECUTABLE_FOLDER_PATH)/Spending";
			};
			name = Release;
		};
		57BB40F82E3A771D00EAE238 /* Debug */ = {
			isa = XCBuildConfiguration;
			buildSettings = {
				CODE_SIGN_STYLE = Automatic;
				CURRENT_PROJECT_VERSION = 1;
				DEVELOPMENT_TEAM = BL96X5ULLC;
				GENERATE_INFOPLIST_FILE = YES;
				MARKETING_VERSION = 1.0;
				PRODUCT_BUNDLE_IDENTIFIER = ggeorge.SpendingUITests;
				PRODUCT_NAME = "$(TARGET_NAME)";
				SWIFT_EMIT_LOC_STRINGS = NO;
				SWIFT_VERSION = 5.0;
				TARGETED_DEVICE_FAMILY = "1,2";
				TEST_TARGET_NAME = Spending;
			};
			name = Debug;
		};
		57BB40F92E3A771D00EAE238 /* Release */ = {
			isa = XCBuildConfiguration;
			buildSettings = {
				CODE_SIGN_STYLE = Automatic;
				CURRENT_PROJECT_VERSION = 1;
				DEVELOPMENT_TEAM = BL96X5ULLC;
				GENERATE_INFOPLIST_FILE = YES;
				MARKETING_VERSION = 1.0;
				PRODUCT_BUNDLE_IDENTIFIER = ggeorge.SpendingUITests;
				PRODUCT_NAME = "$(TARGET_NAME)";
				SWIFT_EMIT_LOC_STRINGS = NO;
				SWIFT_VERSION = 5.0;
				TARGETED_DEVICE_FAMILY = "1,2";
				TEST_TARGET_NAME = Spending;
			};
			name = Release;
		};
/* End XCBuildConfiguration section */

/* Begin XCConfigurationList section */
		57BB40CB2E3A771B00EAE238 /* Build configuration list for PBXProject "Spending" */ = {
			isa = XCConfigurationList;
			buildConfigurations = (
				57BB40EF2E3A771D00EAE238 /* Debug */,
				57BB40F02E3A771D00EAE238 /* Release */,
			);
			defaultConfigurationIsVisible = 0;
			defaultConfigurationName = Release;
		};
		57BB40F12E3A771D00EAE238 /* Build configuration list for PBXNativeTarget "Spending" */ = {
			isa = XCConfigurationList;
			buildConfigurations = (
				57BB40F22E3A771D00EAE238 /* Debug */,
				57BB40F32E3A771D00EAE238 /* Release */,
			);
			defaultConfigurationIsVisible = 0;
			defaultConfigurationName = Release;
		};
		57BB40F42E3A771D00EAE238 /* Build configuration list for PBXNativeTarget "SpendingTests" */ = {
			isa = XCConfigurationList;
			buildConfigurations = (
				57BB40F52E3A771D00EAE238 /* Debug */,
				57BB40F62E3A771D00EAE238 /* Release */,
			);
			defaultConfigurationIsVisible = 0;
			defaultConfigurationName = Release;
		};
		57BB40F72E3A771D00EAE238 /* Build configuration list for PBXNativeTarget "SpendingUITests" */ = {
			isa = XCConfigurationList;
			buildConfigurations = (
				57BB40F82E3A771D00EAE238 /* Debug */,
				57BB40F92E3A771D00EAE238 /* Release */,
			);
			defaultConfigurationIsVisible = 0;
			defaultConfigurationName = Release;
		};
/* End XCConfigurationList section */

/* Begin XCRemoteSwiftPackageReference section */
		57EBB2CE2E3A9BF40032F4E1 /* XCRemoteSwiftPackageReference "supabase-swift" */ = {
			isa = XCRemoteSwiftPackageReference;
			repositoryURL = "https://github.com/supabase/supabase-swift.git";
			requirement = {
				kind = upToNextMajorVersion;
				minimumVersion = 2.5.1;
			};
		};
/* End XCRemoteSwiftPackageReference section */

/* Begin XCSwiftPackageProductDependency section */
		57EBB2CF2E3A9BF40032F4E1 /* Auth */ = {
			isa = XCSwiftPackageProductDependency;
			package = 57EBB2CE2E3A9BF40032F4E1 /* XCRemoteSwiftPackageReference "supabase-swift" */;
			productName = Auth;
		};
		57EBB2D12E3A9BF40032F4E1 /* Functions */ = {
			isa = XCSwiftPackageProductDependency;
			package = 57EBB2CE2E3A9BF40032F4E1 /* XCRemoteSwiftPackageReference "supabase-swift" */;
			productName = Functions;
		};
		57EBB2D32E3A9BF40032F4E1 /* PostgREST */ = {
			isa = XCSwiftPackageProductDependency;
			package = 57EBB2CE2E3A9BF40032F4E1 /* XCRemoteSwiftPackageReference "supabase-swift" */;
			productName = PostgREST;
		};
		57EBB2D52E3A9BF40032F4E1 /* Realtime */ = {
			isa = XCSwiftPackageProductDependency;
			package = 57EBB2CE2E3A9BF40032F4E1 /* XCRemoteSwiftPackageReference "supabase-swift" */;
			productName = Realtime;
		};
		57EBB2D72E3A9BF40032F4E1 /* Storage */ = {
			isa = XCSwiftPackageProductDependency;
			package = 57EBB2CE2E3A9BF40032F4E1 /* XCRemoteSwiftPackageReference "supabase-swift" */;
			productName = Storage;
		};
		57EBB2DC2E3A9CC20032F4E1 /* Supabase */ = {
			isa = XCSwiftPackageProductDependency;
			package = 57EBB2CE2E3A9BF40032F4E1 /* XCRemoteSwiftPackageReference "supabase-swift" */;
			productName = Supabase;
		};
/* End XCSwiftPackageProductDependency section */
	};
	rootObject = 57BB40C82E3A771B00EAE238 /* Project object */;
}
